
Microsoft Visual Studio Solution File, Format Version 12.00
# Visual Studio Version 17
VisualStudioVersion = 17.14.36518.9
MinimumVisualStudioVersion = 10.0.40219.1
Project("{FAE04EC0-301F-11D3-BF4B-00C04F79EFBC}") = "UlsterTravelKioskApplication", "UlsterTravelKioskApplication.csproj", "{A6CC1CB2-2A45-4099-89EF-1F138DCD3632}"
EndProject
Project("{FAE04EC0-301F-11D3-BF4B-00C04F79EFBC}") = "UlsterTravelKioskApplication.UI", "..\UlsterTravelKioskApplication.UI\UlsterTravelKioskApplication.UI.csproj", "{4A590E4B-7641-404A-B60C-05000D1C04A7}"
EndProject
Global
	GlobalSection(SolutionConfigurationPlatforms) = preSolution
		Debug|Any CPU = Debug|Any CPU
		Release|Any CPU = Release|Any CPU
	EndGlobalSection
	GlobalSection(ProjectConfigurationPlatforms) = postSolution
		{A6CC1CB2-2A45-4099-89EF-1F138DCD3632}.Debug|Any CPU.ActiveCfg = Debug|Any CPU
		{A6CC1CB2-2A45-4099-89EF-1F138DCD3632}.Debug|Any CPU.Build.0 = Debug|Any CPU
		{A6CC1CB2-2A45-4099-89EF-1F138DCD3632}.Release|Any CPU.ActiveCfg = Release|Any CPU
		{A6CC1CB2-2A45-4099-89EF-1F138DCD3632}.Release|Any CPU.Build.0 = Release|Any CPU
		{4A590E4B-7641-404A-B60C-05000D1C04A7}.Debug|Any CPU.ActiveCfg = Debug|Any CPU
		{4A590E4B-7641-404A-B60C-05000D1C04A7}.Debug|Any CPU.Build.0 = Debug|Any CPU
		{4A590E4B-7641-404A-B60C-05000D1C04A7}.Release|Any CPU.ActiveCfg = Release|Any CPU
		{4A590E4B-7641-404A-B60C-05000D1C04A7}.Release|Any CPU.Build.0 = Release|Any CPU
	EndGlobalSection
	GlobalSection(SolutionProperties) = preSolution
		HideSolutionNode = FALSE
	EndGlobalSection
	GlobalSection(ExtensibilityGlobals) = postSolution
		SolutionGuid = {05524888-B9E3-4042-BDBE-90758A153E3A}
	EndGlobalSection
EndGlobal
